// !$*UTF8*$!
{
	archiveVersion = 1;
	classes = {
	};
	objectVersion = 46;
	objects = {

/* Begin PBXBuildFile section */
		034EC16B1DD0B34D00E32EC6 /* AppDelegate.swift in Sources */ = {isa = PBXBuildFile; fileRef = 034EC16A1DD0B34D00E32EC6 /* AppDelegate.swift */; };
		034EC16D1DD0B34D00E32EC6 /* MainViewController.swift in Sources */ = {isa = PBXBuildFile; fileRef = 034EC16C1DD0B34D00E32EC6 /* MainViewController.swift */; };
		034EC1701DD0B34D00E32EC6 /* Main.storyboard in Resources */ = {isa = PBXBuildFile; fileRef = 034EC16E1DD0B34D00E32EC6 /* Main.storyboard */; };
		034EC1731DD0B34D00E32EC6 /* HerbieNow.xcdatamodeld in Sources */ = {isa = PBXBuildFile; fileRef = 034EC1711DD0B34D00E32EC6 /* HerbieNow.xcdatamodeld */; };
		034EC1781DD0B34D00E32EC6 /* LaunchScreen.storyboard in Resources */ = {isa = PBXBuildFile; fileRef = 034EC1761DD0B34D00E32EC6 /* LaunchScreen.storyboard */; };
		034EC1831DD0B34D00E32EC6 /* HerbieNowTests.swift in Sources */ = {isa = PBXBuildFile; fileRef = 034EC1821DD0B34D00E32EC6 /* HerbieNowTests.swift */; };
		034EC18E1DD0B34D00E32EC6 /* HerbieNowUITests.swift in Sources */ = {isa = PBXBuildFile; fileRef = 034EC18D1DD0B34D00E32EC6 /* HerbieNowUITests.swift */; };
		037578A31DD0B53400AA8FC0 /* Vehicle.swift in Sources */ = {isa = PBXBuildFile; fileRef = 037578A21DD0B53400AA8FC0 /* Vehicle.swift */; };
		037578A51DD0B68200AA8FC0 /* Location.swift in Sources */ = {isa = PBXBuildFile; fileRef = 037578A41DD0B68200AA8FC0 /* Location.swift */; };
		037578A81DD0B7D800AA8FC0 /* MainViewPresenter.swift in Sources */ = {isa = PBXBuildFile; fileRef = 037578A71DD0B7D800AA8FC0 /* MainViewPresenter.swift */; };
		037578AA1DD0B7E200AA8FC0 /* MainViewInterpreter.swift in Sources */ = {isa = PBXBuildFile; fileRef = 037578A91DD0B7E200AA8FC0 /* MainViewInterpreter.swift */; };
		039F0B721DD8D6A000AB56C0 /* Enumerations.swift in Sources */ = {isa = PBXBuildFile; fileRef = 039F0B711DD8D6A000AB56C0 /* Enumerations.swift */; };
		039F0B761DD8DE6E00AB56C0 /* Logic.swift in Sources */ = {isa = PBXBuildFile; fileRef = 039F0B751DD8DE6E00AB56C0 /* Logic.swift */; };
		14F978E81E422DD700717C9E /* AnnotationView.swift in Sources */ = {isa = PBXBuildFile; fileRef = 14F978E71E422DD700717C9E /* AnnotationView.swift */; };
		14FB0F151E3F7E9200BA763C /* VehicleMapViewController.swift in Sources */ = {isa = PBXBuildFile; fileRef = 14FB0F141E3F7E9200BA763C /* VehicleMapViewController.swift */; };
		14FB0F1A1E3F7FAA00BA763C /* PinAnnotation.swift in Sources */ = {isa = PBXBuildFile; fileRef = 14FB0F191E3F7FAA00BA763C /* PinAnnotation.swift */; };
		9E6871461E16B2F100994011 /* CaviarDreams.ttf in Resources */ = {isa = PBXBuildFile; fileRef = 9E6969311E16B0D100E70773 /* CaviarDreams.ttf */; };
		9E6871471E16B2FD00994011 /* CaviarDreams_Bold.ttf in Resources */ = {isa = PBXBuildFile; fileRef = 9E6969331E16B22700E70773 /* CaviarDreams_Bold.ttf */; };
		9E6871491E16B7CA00994011 /* Assets.xcassets in Resources */ = {isa = PBXBuildFile; fileRef = 9E6871481E16B7CA00994011 /* Assets.xcassets */; };
		9E782CD51E3979820038349F /* ADAM.CG PRO.otf in Resources */ = {isa = PBXBuildFile; fileRef = 9E782CD41E3977A30038349F /* ADAM.CG PRO.otf */; };
		9E782CD61E3979850038349F /* Ailerons-Typeface.otf in Resources */ = {isa = PBXBuildFile; fileRef = 9E782CD31E3977970038349F /* Ailerons-Typeface.otf */; };
		9E782CDA1E3A7EF50038349F /* HerbieTextField.swift in Sources */ = {isa = PBXBuildFile; fileRef = 9E782CD91E3A7EF50038349F /* HerbieTextField.swift */; };
		9E782D651E4099F90038349F /* HerbieBlurView.swift in Sources */ = {isa = PBXBuildFile; fileRef = 9E782D641E4099F90038349F /* HerbieBlurView.swift */; };
		D306D1B81E1692E800D5CD64 /* Debug.swift in Sources */ = {isa = PBXBuildFile; fileRef = D306D1B71E1692E800D5CD64 /* Debug.swift */; };
		D32089A01E0ACE5300C17BD7 /* LocationUpdateDelegate.swift in Sources */ = {isa = PBXBuildFile; fileRef = D320899F1E0ACE5300C17BD7 /* LocationUpdateDelegate.swift */; };
		D3297A3A1E06B3D000831923 /* Reservation.swift in Sources */ = {isa = PBXBuildFile; fileRef = D3297A391E06B3D000831923 /* Reservation.swift */; };
		D331324A1E07D92100645858 /* VINExtensions.swift in Sources */ = {isa = PBXBuildFile; fileRef = D33132491E07D92100645858 /* VINExtensions.swift */; };
		D33CB4DE1E1E69FE00AA16A1 /* Filterset.swift in Sources */ = {isa = PBXBuildFile; fileRef = D33CB4DD1E1E69FE00AA16A1 /* Filterset.swift */; };
		D340A2DF1E01FD60001D5153 /* Extensions.swift in Sources */ = {isa = PBXBuildFile; fileRef = D340A2DE1E01FD60001D5153 /* Extensions.swift */; };
		D384D4B21E3F80E700418581 /* EmptyProtocols.swift in Sources */ = {isa = PBXBuildFile; fileRef = D384D4B11E3F80E700418581 /* EmptyProtocols.swift */; };
		D384D4B51E3F839B00418581 /* VehicleMapViewInterpreter.swift in Sources */ = {isa = PBXBuildFile; fileRef = D384D4B41E3F839B00418581 /* VehicleMapViewInterpreter.swift */; };
		D384D4B71E3F83A700418581 /* VehicleMapViewPresenter.swift in Sources */ = {isa = PBXBuildFile; fileRef = D384D4B61E3F83A700418581 /* VehicleMapViewPresenter.swift */; };
		D384D4BB1E3F882700418581 /* LoginPopupInterpreter.swift in Sources */ = {isa = PBXBuildFile; fileRef = D384D4BA1E3F882700418581 /* LoginPopupInterpreter.swift */; };
		D384D4BD1E3F884000418581 /* SelectInternalModelOptionsPopupInterpreter.swift in Sources */ = {isa = PBXBuildFile; fileRef = D384D4BC1E3F884000418581 /* SelectInternalModelOptionsPopupInterpreter.swift */; };
		D384D4BF1E3F885700418581 /* SelectExternalModelOptionsPopupInterpreter.swift in Sources */ = {isa = PBXBuildFile; fileRef = D384D4BE1E3F885700418581 /* SelectExternalModelOptionsPopupInterpreter.swift */; };
		D384D4C11E3F887600418581 /* SelectModelsPopupInterpreter.swift in Sources */ = {isa = PBXBuildFile; fileRef = D384D4C01E3F887600418581 /* SelectModelsPopupInterpreter.swift */; };
		D384D4C31E3F889800418581 /* SelectFiltersetIconAndNamePopupInterpreter.swift in Sources */ = {isa = PBXBuildFile; fileRef = D384D4C21E3F889800418581 /* SelectFiltersetIconAndNamePopupInterpreter.swift */; };
		D384D4C51E3F89B400418581 /* LoginPopupPresenter.swift in Sources */ = {isa = PBXBuildFile; fileRef = D384D4C41E3F89B400418581 /* LoginPopupPresenter.swift */; };
		D384D4C71E3F89C200418581 /* SelectInternalModelOptionsPopupPresenter.swift in Sources */ = {isa = PBXBuildFile; fileRef = D384D4C61E3F89C200418581 /* SelectInternalModelOptionsPopupPresenter.swift */; };
		D384D4C91E3F89D000418581 /* SelectExternalModelOptionsPopupPresenter.swift in Sources */ = {isa = PBXBuildFile; fileRef = D384D4C81E3F89D000418581 /* SelectExternalModelOptionsPopupPresenter.swift */; };
		D384D4CB1E3F89E200418581 /* SelectModelsPopupPresenter.swift in Sources */ = {isa = PBXBuildFile; fileRef = D384D4CA1E3F89E200418581 /* SelectModelsPopupPresenter.swift */; };
		D384D4CD1E3F89FA00418581 /* SelectFiltersetIconAndNamePopupPresenter.swift in Sources */ = {isa = PBXBuildFile; fileRef = D384D4CC1E3F89FA00418581 /* SelectFiltersetIconAndNamePopupPresenter.swift */; };
		D384D4CF1E3F8D4900418581 /* ViewEnumerations.swift in Sources */ = {isa = PBXBuildFile; fileRef = D384D4CE1E3F8D4900418581 /* ViewEnumerations.swift */; };
		D384D4D01E3F98A700418581 /* SwiftSpinner.framework in Frameworks */ = {isa = PBXBuildFile; fileRef = 0338BF5B1DD9F5880061EC48 /* SwiftSpinner.framework */; };
		D39160B91E0954A1000DBE17 /* AppData.swift in Sources */ = {isa = PBXBuildFile; fileRef = D39160B81E0954A1000DBE17 /* AppData.swift */; };
		D39160C11E0982B7000DBE17 /* MapKit.framework in Frameworks */ = {isa = PBXBuildFile; fileRef = D39160C01E0982B7000DBE17 /* MapKit.framework */; };
		D39568481E2E5369003FC042 /* Alamofire.framework in Frameworks */ = {isa = PBXBuildFile; fileRef = D39160BE1E0969BA000DBE17 /* Alamofire.framework */; };
		D39568491E2E5369003FC042 /* IQKeyboardManager.framework in Frameworks */ = {isa = PBXBuildFile; fileRef = 0338BF581DD9F5880061EC48 /* IQKeyboardManager.framework */; };
		D395684A1E2E5369003FC042 /* IQKeyboardManagerSwift.framework in Frameworks */ = {isa = PBXBuildFile; fileRef = 0338BF591DD9F5880061EC48 /* IQKeyboardManagerSwift.framework */; };
		D395684B1E2E5369003FC042 /* JASON.framework in Frameworks */ = {isa = PBXBuildFile; fileRef = D39160BC1E0969AD000DBE17 /* JASON.framework */; };
		D395684C1E2E5369003FC042 /* OAuthSwift.framework in Frameworks */ = {isa = PBXBuildFile; fileRef = D39160BA1E0969A2000DBE17 /* OAuthSwift.framework */; };
		D395684D1E2E5369003FC042 /* OAuthSwiftAlamofire.framework in Frameworks */ = {isa = PBXBuildFile; fileRef = D32089A41E0C353A00C17BD7 /* OAuthSwiftAlamofire.framework */; };
		D395684E1E2E5369003FC042 /* SwifterSwift.framework in Frameworks */ = {isa = PBXBuildFile; fileRef = D306D1B91E1694BE00D5CD64 /* SwifterSwift.framework */; };
		D39568501E2E536A003FC042 /* Locksmith.framework in Frameworks */ = {isa = PBXBuildFile; fileRef = D395684F1E2E536A003FC042 /* Locksmith.framework */; };
		D39568521E2E7176003FC042 /* AlamofireNetworkActivityIndicator.framework in Frameworks */ = {isa = PBXBuildFile; fileRef = D39568511E2E7176003FC042 /* AlamofireNetworkActivityIndicator.framework */; };
		D39568561E2F67A2003FC042 /* PopupViewController.swift in Sources */ = {isa = PBXBuildFile; fileRef = D39568551E2F67A2003FC042 /* PopupViewController.swift */; };
		D39568581E2F6E4E003FC042 /* PopupDelegate.swift in Sources */ = {isa = PBXBuildFile; fileRef = D39568571E2F6E4E003FC042 /* PopupDelegate.swift */; };
		D395685A1E2F6FE0003FC042 /* LoginPopupViewController.swift in Sources */ = {isa = PBXBuildFile; fileRef = D39568591E2F6FE0003FC042 /* LoginPopupViewController.swift */; };
		D395685C1E2FB1CB003FC042 /* SelectInternalModelOptionsPopupViewController.swift in Sources */ = {isa = PBXBuildFile; fileRef = D395685B1E2FB1CB003FC042 /* SelectInternalModelOptionsPopupViewController.swift */; };
		D395685E1E2FB93C003FC042 /* SelectExternalModelOptionsPopupViewController.swift in Sources */ = {isa = PBXBuildFile; fileRef = D395685D1E2FB93C003FC042 /* SelectExternalModelOptionsPopupViewController.swift */; };
		D39568601E2FBEA8003FC042 /* SelectModelsPopupViewController.swift in Sources */ = {isa = PBXBuildFile; fileRef = D395685F1E2FBEA8003FC042 /* SelectModelsPopupViewController.swift */; };
		D39568621E2FC18D003FC042 /* SelectFiltersetIconAndNamePopupViewController.swift in Sources */ = {isa = PBXBuildFile; fileRef = D39568611E2FC18D003FC042 /* SelectFiltersetIconAndNamePopupViewController.swift */; };
		D39568641E2FCE98003FC042 /* AKPickerView.swift in Sources */ = {isa = PBXBuildFile; fileRef = D39568631E2FCE98003FC042 /* AKPickerView.swift */; };
		D39568661E300269003FC042 /* SkyFloatingLabelTextField.framework in Frameworks */ = {isa = PBXBuildFile; fileRef = D39568651E300269003FC042 /* SkyFloatingLabelTextField.framework */; };
		D39568681E300279003FC042 /* Presentr.framework in Frameworks */ = {isa = PBXBuildFile; fileRef = D39568671E300279003FC042 /* Presentr.framework */; };
		D3ADC5D81E4117FD0084B5B6 /* MapViewDelegate.swift in Sources */ = {isa = PBXBuildFile; fileRef = D3ADC5D71E4117FD0084B5B6 /* MapViewDelegate.swift */; };
		D3ADC5DA1E4134280084B5B6 /* RangeSlider.swift in Sources */ = {isa = PBXBuildFile; fileRef = D3ADC5D91E4134280084B5B6 /* RangeSlider.swift */; };
		D3ADC5E41E4220BD0084B5B6 /* Augsburg.gpx in Resources */ = {isa = PBXBuildFile; fileRef = D3ADC5DB1E4220BD0084B5B6 /* Augsburg.gpx */; };
		D3ADC5E51E4220BD0084B5B6 /* Berlin.gpx in Resources */ = {isa = PBXBuildFile; fileRef = D3ADC5DC1E4220BD0084B5B6 /* Berlin.gpx */; };
		D3ADC5E61E4220BD0084B5B6 /* Hamburg.gpx in Resources */ = {isa = PBXBuildFile; fileRef = D3ADC5DD1E4220BD0084B5B6 /* Hamburg.gpx */; };
		D3ADC5E71E4220BD0084B5B6 /* Köln.gpx in Resources */ = {isa = PBXBuildFile; fileRef = D3ADC5DE1E4220BD0084B5B6 /* Köln.gpx */; };
		D3ADC5E81E4220BD0084B5B6 /* Kopenhagen.gpx in Resources */ = {isa = PBXBuildFile; fileRef = D3ADC5DF1E4220BD0084B5B6 /* Kopenhagen.gpx */; };
		D3ADC5E91E4220BD0084B5B6 /* London.gpx in Resources */ = {isa = PBXBuildFile; fileRef = D3ADC5E01E4220BD0084B5B6 /* London.gpx */; };
		D3ADC5EA1E4220BD0084B5B6 /* München.gpx in Resources */ = {isa = PBXBuildFile; fileRef = D3ADC5E11E4220BD0084B5B6 /* München.gpx */; };
		D3ADC5EB1E4220BD0084B5B6 /* Stockholm.gpx in Resources */ = {isa = PBXBuildFile; fileRef = D3ADC5E21E4220BD0084B5B6 /* Stockholm.gpx */; };
		D3ADC5EC1E4220BD0084B5B6 /* Wien.gpx in Resources */ = {isa = PBXBuildFile; fileRef = D3ADC5E31E4220BD0084B5B6 /* Wien.gpx */; };
		D3C247611E0063CC0019AFA7 /* DriveNowAPI.swift in Sources */ = {isa = PBXBuildFile; fileRef = D3C247601E0063CC0019AFA7 /* DriveNowAPI.swift */; };
		D3C247631E0063D90019AFA7 /* Car2GoAPI.swift in Sources */ = {isa = PBXBuildFile; fileRef = D3C247621E0063D90019AFA7 /* Car2GoAPI.swift */; };
		D3C247651E0064080019AFA7 /* API.swift in Sources */ = {isa = PBXBuildFile; fileRef = D3C247641E0064080019AFA7 /* API.swift */; };
/* End PBXBuildFile section */

/* Begin PBXContainerItemProxy section */
		034EC17F1DD0B34D00E32EC6 /* PBXContainerItemProxy */ = {
			isa = PBXContainerItemProxy;
			containerPortal = 034EC15F1DD0B34D00E32EC6 /* Project object */;
			proxyType = 1;
			remoteGlobalIDString = 034EC1661DD0B34D00E32EC6;
			remoteInfo = HerbieNow;
		};
		034EC18A1DD0B34D00E32EC6 /* PBXContainerItemProxy */ = {
			isa = PBXContainerItemProxy;
			containerPortal = 034EC15F1DD0B34D00E32EC6 /* Project object */;
			proxyType = 1;
			remoteGlobalIDString = 034EC1661DD0B34D00E32EC6;
			remoteInfo = HerbieNow;
		};
/* End PBXContainerItemProxy section */

/* Begin PBXFileReference section */
		0338BF581DD9F5880061EC48 /* IQKeyboardManager.framework */ = {isa = PBXFileReference; lastKnownFileType = wrapper.framework; name = IQKeyboardManager.framework; path = Carthage/Build/iOS/IQKeyboardManager.framework; sourceTree = "<group>"; };
		0338BF591DD9F5880061EC48 /* IQKeyboardManagerSwift.framework */ = {isa = PBXFileReference; lastKnownFileType = wrapper.framework; name = IQKeyboardManagerSwift.framework; path = Carthage/Build/iOS/IQKeyboardManagerSwift.framework; sourceTree = "<group>"; };
		0338BF5B1DD9F5880061EC48 /* SwiftSpinner.framework */ = {isa = PBXFileReference; lastKnownFileType = wrapper.framework; name = SwiftSpinner.framework; path = Carthage/Build/iOS/SwiftSpinner.framework; sourceTree = "<group>"; };
		034EC1671DD0B34D00E32EC6 /* HerbieNow.app */ = {isa = PBXFileReference; explicitFileType = wrapper.application; includeInIndex = 0; path = HerbieNow.app; sourceTree = BUILT_PRODUCTS_DIR; };
		034EC16A1DD0B34D00E32EC6 /* AppDelegate.swift */ = {isa = PBXFileReference; lastKnownFileType = sourcecode.swift; path = AppDelegate.swift; sourceTree = "<group>"; };
		034EC16C1DD0B34D00E32EC6 /* MainViewController.swift */ = {isa = PBXFileReference; lastKnownFileType = sourcecode.swift; path = MainViewController.swift; sourceTree = "<group>"; };
		034EC16F1DD0B34D00E32EC6 /* Base */ = {isa = PBXFileReference; lastKnownFileType = file.storyboard; name = Base; path = Base.lproj/Main.storyboard; sourceTree = "<group>"; };
		034EC1721DD0B34D00E32EC6 /* HerbieNow.xcdatamodel */ = {isa = PBXFileReference; lastKnownFileType = wrapper.xcdatamodel; path = HerbieNow.xcdatamodel; sourceTree = "<group>"; };
		034EC1771DD0B34D00E32EC6 /* Base */ = {isa = PBXFileReference; lastKnownFileType = file.storyboard; name = Base; path = Base.lproj/LaunchScreen.storyboard; sourceTree = "<group>"; };
		034EC1791DD0B34D00E32EC6 /* Info.plist */ = {isa = PBXFileReference; lastKnownFileType = text.plist.xml; path = Info.plist; sourceTree = "<group>"; };
		034EC17E1DD0B34D00E32EC6 /* HerbieNowTests.xctest */ = {isa = PBXFileReference; explicitFileType = wrapper.cfbundle; includeInIndex = 0; path = HerbieNowTests.xctest; sourceTree = BUILT_PRODUCTS_DIR; };
		034EC1821DD0B34D00E32EC6 /* HerbieNowTests.swift */ = {isa = PBXFileReference; lastKnownFileType = sourcecode.swift; path = HerbieNowTests.swift; sourceTree = "<group>"; };
		034EC1841DD0B34D00E32EC6 /* Info.plist */ = {isa = PBXFileReference; lastKnownFileType = text.plist.xml; path = Info.plist; sourceTree = "<group>"; };
		034EC1891DD0B34D00E32EC6 /* HerbieNowUITests.xctest */ = {isa = PBXFileReference; explicitFileType = wrapper.cfbundle; includeInIndex = 0; path = HerbieNowUITests.xctest; sourceTree = BUILT_PRODUCTS_DIR; };
		034EC18D1DD0B34D00E32EC6 /* HerbieNowUITests.swift */ = {isa = PBXFileReference; lastKnownFileType = sourcecode.swift; path = HerbieNowUITests.swift; sourceTree = "<group>"; };
		034EC18F1DD0B34D00E32EC6 /* Info.plist */ = {isa = PBXFileReference; lastKnownFileType = text.plist.xml; path = Info.plist; sourceTree = "<group>"; };
		037578A21DD0B53400AA8FC0 /* Vehicle.swift */ = {isa = PBXFileReference; fileEncoding = 4; lastKnownFileType = sourcecode.swift; path = Vehicle.swift; sourceTree = "<group>"; };
		037578A41DD0B68200AA8FC0 /* Location.swift */ = {isa = PBXFileReference; fileEncoding = 4; lastKnownFileType = sourcecode.swift; path = Location.swift; sourceTree = "<group>"; };
		037578A71DD0B7D800AA8FC0 /* MainViewPresenter.swift */ = {isa = PBXFileReference; fileEncoding = 4; lastKnownFileType = sourcecode.swift; path = MainViewPresenter.swift; sourceTree = "<group>"; };
		037578A91DD0B7E200AA8FC0 /* MainViewInterpreter.swift */ = {isa = PBXFileReference; fileEncoding = 4; lastKnownFileType = sourcecode.swift; path = MainViewInterpreter.swift; sourceTree = "<group>"; };
		039F0B711DD8D6A000AB56C0 /* Enumerations.swift */ = {isa = PBXFileReference; fileEncoding = 4; lastKnownFileType = sourcecode.swift; path = Enumerations.swift; sourceTree = "<group>"; };
		039F0B751DD8DE6E00AB56C0 /* Logic.swift */ = {isa = PBXFileReference; fileEncoding = 4; lastKnownFileType = sourcecode.swift; path = Logic.swift; sourceTree = "<group>"; };
		14F978E71E422DD700717C9E /* AnnotationView.swift */ = {isa = PBXFileReference; fileEncoding = 4; lastKnownFileType = sourcecode.swift; path = AnnotationView.swift; sourceTree = "<group>"; };
		14FB0F141E3F7E9200BA763C /* VehicleMapViewController.swift */ = {isa = PBXFileReference; fileEncoding = 4; lastKnownFileType = sourcecode.swift; path = VehicleMapViewController.swift; sourceTree = "<group>"; };
		14FB0F191E3F7FAA00BA763C /* PinAnnotation.swift */ = {isa = PBXFileReference; fileEncoding = 4; lastKnownFileType = sourcecode.swift; path = PinAnnotation.swift; sourceTree = "<group>"; };
		9E6871481E16B7CA00994011 /* Assets.xcassets */ = {isa = PBXFileReference; lastKnownFileType = folder.assetcatalog; path = Assets.xcassets; sourceTree = "<group>"; };
		9E6969311E16B0D100E70773 /* CaviarDreams.ttf */ = {isa = PBXFileReference; lastKnownFileType = file; path = CaviarDreams.ttf; sourceTree = "<group>"; };
		9E6969331E16B22700E70773 /* CaviarDreams_Bold.ttf */ = {isa = PBXFileReference; lastKnownFileType = file; path = CaviarDreams_Bold.ttf; sourceTree = "<group>"; };
		9E782CD31E3977970038349F /* Ailerons-Typeface.otf */ = {isa = PBXFileReference; lastKnownFileType = file; path = "Ailerons-Typeface.otf"; sourceTree = "<group>"; };
		9E782CD41E3977A30038349F /* ADAM.CG PRO.otf */ = {isa = PBXFileReference; lastKnownFileType = file; path = "ADAM.CG PRO.otf"; sourceTree = "<group>"; };
		9E782CD91E3A7EF50038349F /* HerbieTextField.swift */ = {isa = PBXFileReference; fileEncoding = 4; lastKnownFileType = sourcecode.swift; path = HerbieTextField.swift; sourceTree = "<group>"; };
		9E782D641E4099F90038349F /* HerbieBlurView.swift */ = {isa = PBXFileReference; fileEncoding = 4; lastKnownFileType = sourcecode.swift; path = HerbieBlurView.swift; sourceTree = "<group>"; };
		D306D1B71E1692E800D5CD64 /* Debug.swift */ = {isa = PBXFileReference; fileEncoding = 4; lastKnownFileType = sourcecode.swift; path = Debug.swift; sourceTree = "<group>"; };
		D306D1B91E1694BE00D5CD64 /* SwifterSwift.framework */ = {isa = PBXFileReference; lastKnownFileType = wrapper.framework; name = SwifterSwift.framework; path = Carthage/Build/iOS/SwifterSwift.framework; sourceTree = "<group>"; };
		D320899F1E0ACE5300C17BD7 /* LocationUpdateDelegate.swift */ = {isa = PBXFileReference; fileEncoding = 4; lastKnownFileType = sourcecode.swift; path = LocationUpdateDelegate.swift; sourceTree = "<group>"; };
		D32089A41E0C353A00C17BD7 /* OAuthSwiftAlamofire.framework */ = {isa = PBXFileReference; lastKnownFileType = wrapper.framework; name = OAuthSwiftAlamofire.framework; path = Carthage/Build/iOS/OAuthSwiftAlamofire.framework; sourceTree = "<group>"; };
		D3297A391E06B3D000831923 /* Reservation.swift */ = {isa = PBXFileReference; fileEncoding = 4; lastKnownFileType = sourcecode.swift; path = Reservation.swift; sourceTree = "<group>"; };
		D33132491E07D92100645858 /* VINExtensions.swift */ = {isa = PBXFileReference; fileEncoding = 4; lastKnownFileType = sourcecode.swift; path = VINExtensions.swift; sourceTree = "<group>"; };
		D33CB4DD1E1E69FE00AA16A1 /* Filterset.swift */ = {isa = PBXFileReference; fileEncoding = 4; lastKnownFileType = sourcecode.swift; path = Filterset.swift; sourceTree = "<group>"; };
		D340A2DE1E01FD60001D5153 /* Extensions.swift */ = {isa = PBXFileReference; fileEncoding = 4; lastKnownFileType = sourcecode.swift; path = Extensions.swift; sourceTree = "<group>"; };
		D384D4B11E3F80E700418581 /* EmptyProtocols.swift */ = {isa = PBXFileReference; fileEncoding = 4; lastKnownFileType = sourcecode.swift; path = EmptyProtocols.swift; sourceTree = "<group>"; };
		D384D4B41E3F839B00418581 /* VehicleMapViewInterpreter.swift */ = {isa = PBXFileReference; fileEncoding = 4; lastKnownFileType = sourcecode.swift; path = VehicleMapViewInterpreter.swift; sourceTree = "<group>"; };
		D384D4B61E3F83A700418581 /* VehicleMapViewPresenter.swift */ = {isa = PBXFileReference; fileEncoding = 4; lastKnownFileType = sourcecode.swift; path = VehicleMapViewPresenter.swift; sourceTree = "<group>"; };
		D384D4BA1E3F882700418581 /* LoginPopupInterpreter.swift */ = {isa = PBXFileReference; fileEncoding = 4; lastKnownFileType = sourcecode.swift; path = LoginPopupInterpreter.swift; sourceTree = "<group>"; };
		D384D4BC1E3F884000418581 /* SelectInternalModelOptionsPopupInterpreter.swift */ = {isa = PBXFileReference; fileEncoding = 4; lastKnownFileType = sourcecode.swift; path = SelectInternalModelOptionsPopupInterpreter.swift; sourceTree = "<group>"; };
		D384D4BE1E3F885700418581 /* SelectExternalModelOptionsPopupInterpreter.swift */ = {isa = PBXFileReference; fileEncoding = 4; lastKnownFileType = sourcecode.swift; path = SelectExternalModelOptionsPopupInterpreter.swift; sourceTree = "<group>"; };
		D384D4C01E3F887600418581 /* SelectModelsPopupInterpreter.swift */ = {isa = PBXFileReference; fileEncoding = 4; lastKnownFileType = sourcecode.swift; path = SelectModelsPopupInterpreter.swift; sourceTree = "<group>"; };
		D384D4C21E3F889800418581 /* SelectFiltersetIconAndNamePopupInterpreter.swift */ = {isa = PBXFileReference; fileEncoding = 4; lastKnownFileType = sourcecode.swift; path = SelectFiltersetIconAndNamePopupInterpreter.swift; sourceTree = "<group>"; };
		D384D4C41E3F89B400418581 /* LoginPopupPresenter.swift */ = {isa = PBXFileReference; fileEncoding = 4; lastKnownFileType = sourcecode.swift; path = LoginPopupPresenter.swift; sourceTree = "<group>"; };
		D384D4C61E3F89C200418581 /* SelectInternalModelOptionsPopupPresenter.swift */ = {isa = PBXFileReference; fileEncoding = 4; lastKnownFileType = sourcecode.swift; path = SelectInternalModelOptionsPopupPresenter.swift; sourceTree = "<group>"; };
		D384D4C81E3F89D000418581 /* SelectExternalModelOptionsPopupPresenter.swift */ = {isa = PBXFileReference; fileEncoding = 4; lastKnownFileType = sourcecode.swift; path = SelectExternalModelOptionsPopupPresenter.swift; sourceTree = "<group>"; };
		D384D4CA1E3F89E200418581 /* SelectModelsPopupPresenter.swift */ = {isa = PBXFileReference; fileEncoding = 4; lastKnownFileType = sourcecode.swift; path = SelectModelsPopupPresenter.swift; sourceTree = "<group>"; };
		D384D4CC1E3F89FA00418581 /* SelectFiltersetIconAndNamePopupPresenter.swift */ = {isa = PBXFileReference; fileEncoding = 4; lastKnownFileType = sourcecode.swift; path = SelectFiltersetIconAndNamePopupPresenter.swift; sourceTree = "<group>"; };
		D384D4CE1E3F8D4900418581 /* ViewEnumerations.swift */ = {isa = PBXFileReference; fileEncoding = 4; lastKnownFileType = sourcecode.swift; path = ViewEnumerations.swift; sourceTree = "<group>"; };
		D39160B81E0954A1000DBE17 /* AppData.swift */ = {isa = PBXFileReference; fileEncoding = 4; lastKnownFileType = sourcecode.swift; path = AppData.swift; sourceTree = "<group>"; };
		D39160BA1E0969A2000DBE17 /* OAuthSwift.framework */ = {isa = PBXFileReference; lastKnownFileType = wrapper.framework; name = OAuthSwift.framework; path = Carthage/Build/iOS/OAuthSwift.framework; sourceTree = "<group>"; };
		D39160BC1E0969AD000DBE17 /* JASON.framework */ = {isa = PBXFileReference; lastKnownFileType = wrapper.framework; name = JASON.framework; path = Carthage/Build/iOS/JASON.framework; sourceTree = "<group>"; };
		D39160BE1E0969BA000DBE17 /* Alamofire.framework */ = {isa = PBXFileReference; lastKnownFileType = wrapper.framework; name = Alamofire.framework; path = Carthage/Build/iOS/Alamofire.framework; sourceTree = "<group>"; };
		D39160C01E0982B7000DBE17 /* MapKit.framework */ = {isa = PBXFileReference; lastKnownFileType = wrapper.framework; name = MapKit.framework; path = System/Library/Frameworks/MapKit.framework; sourceTree = SDKROOT; };
		D39160C21E0982F1000DBE17 /* HerbieNow.entitlements */ = {isa = PBXFileReference; lastKnownFileType = text.plist.entitlements; path = HerbieNow.entitlements; sourceTree = "<group>"; };
		D395684F1E2E536A003FC042 /* Locksmith.framework */ = {isa = PBXFileReference; lastKnownFileType = wrapper.framework; name = Locksmith.framework; path = Carthage/Build/iOS/Locksmith.framework; sourceTree = "<group>"; };
		D39568511E2E7176003FC042 /* AlamofireNetworkActivityIndicator.framework */ = {isa = PBXFileReference; lastKnownFileType = wrapper.framework; name = AlamofireNetworkActivityIndicator.framework; path = Carthage/Build/iOS/AlamofireNetworkActivityIndicator.framework; sourceTree = "<group>"; };
		D39568551E2F67A2003FC042 /* PopupViewController.swift */ = {isa = PBXFileReference; fileEncoding = 4; lastKnownFileType = sourcecode.swift; path = PopupViewController.swift; sourceTree = "<group>"; };
		D39568571E2F6E4E003FC042 /* PopupDelegate.swift */ = {isa = PBXFileReference; fileEncoding = 4; lastKnownFileType = sourcecode.swift; path = PopupDelegate.swift; sourceTree = "<group>"; };
		D39568591E2F6FE0003FC042 /* LoginPopupViewController.swift */ = {isa = PBXFileReference; fileEncoding = 4; lastKnownFileType = sourcecode.swift; path = LoginPopupViewController.swift; sourceTree = "<group>"; };
		D395685B1E2FB1CB003FC042 /* SelectInternalModelOptionsPopupViewController.swift */ = {isa = PBXFileReference; fileEncoding = 4; lastKnownFileType = sourcecode.swift; path = SelectInternalModelOptionsPopupViewController.swift; sourceTree = "<group>"; };
		D395685D1E2FB93C003FC042 /* SelectExternalModelOptionsPopupViewController.swift */ = {isa = PBXFileReference; fileEncoding = 4; lastKnownFileType = sourcecode.swift; path = SelectExternalModelOptionsPopupViewController.swift; sourceTree = "<group>"; };
		D395685F1E2FBEA8003FC042 /* SelectModelsPopupViewController.swift */ = {isa = PBXFileReference; fileEncoding = 4; lastKnownFileType = sourcecode.swift; path = SelectModelsPopupViewController.swift; sourceTree = "<group>"; };
		D39568611E2FC18D003FC042 /* SelectFiltersetIconAndNamePopupViewController.swift */ = {isa = PBXFileReference; fileEncoding = 4; lastKnownFileType = sourcecode.swift; path = SelectFiltersetIconAndNamePopupViewController.swift; sourceTree = "<group>"; };
		D39568631E2FCE98003FC042 /* AKPickerView.swift */ = {isa = PBXFileReference; fileEncoding = 4; lastKnownFileType = sourcecode.swift; path = AKPickerView.swift; sourceTree = "<group>"; };
		D39568651E300269003FC042 /* SkyFloatingLabelTextField.framework */ = {isa = PBXFileReference; lastKnownFileType = wrapper.framework; name = SkyFloatingLabelTextField.framework; path = Carthage/Build/iOS/SkyFloatingLabelTextField.framework; sourceTree = "<group>"; };
		D39568671E300279003FC042 /* Presentr.framework */ = {isa = PBXFileReference; lastKnownFileType = wrapper.framework; name = Presentr.framework; path = Carthage/Build/iOS/Presentr.framework; sourceTree = "<group>"; };
		D3ADC5D71E4117FD0084B5B6 /* MapViewDelegate.swift */ = {isa = PBXFileReference; fileEncoding = 4; lastKnownFileType = sourcecode.swift; path = MapViewDelegate.swift; sourceTree = "<group>"; };
		D3ADC5D91E4134280084B5B6 /* RangeSlider.swift */ = {isa = PBXFileReference; fileEncoding = 4; lastKnownFileType = sourcecode.swift; path = RangeSlider.swift; sourceTree = "<group>"; };
		D3ADC5DB1E4220BD0084B5B6 /* Augsburg.gpx */ = {isa = PBXFileReference; fileEncoding = 4; lastKnownFileType = text.xml; path = Augsburg.gpx; sourceTree = "<group>"; };
		D3ADC5DC1E4220BD0084B5B6 /* Berlin.gpx */ = {isa = PBXFileReference; fileEncoding = 4; lastKnownFileType = text.xml; path = Berlin.gpx; sourceTree = "<group>"; };
		D3ADC5DD1E4220BD0084B5B6 /* Hamburg.gpx */ = {isa = PBXFileReference; fileEncoding = 4; lastKnownFileType = text.xml; path = Hamburg.gpx; sourceTree = "<group>"; };
		D3ADC5DE1E4220BD0084B5B6 /* Köln.gpx */ = {isa = PBXFileReference; fileEncoding = 4; lastKnownFileType = text.xml; path = "Köln.gpx"; sourceTree = "<group>"; };
		D3ADC5DF1E4220BD0084B5B6 /* Kopenhagen.gpx */ = {isa = PBXFileReference; fileEncoding = 4; lastKnownFileType = text.xml; path = Kopenhagen.gpx; sourceTree = "<group>"; };
		D3ADC5E01E4220BD0084B5B6 /* London.gpx */ = {isa = PBXFileReference; fileEncoding = 4; lastKnownFileType = text.xml; path = London.gpx; sourceTree = "<group>"; };
		D3ADC5E11E4220BD0084B5B6 /* München.gpx */ = {isa = PBXFileReference; fileEncoding = 4; lastKnownFileType = text.xml; path = "München.gpx"; sourceTree = "<group>"; };
		D3ADC5E21E4220BD0084B5B6 /* Stockholm.gpx */ = {isa = PBXFileReference; fileEncoding = 4; lastKnownFileType = text.xml; path = Stockholm.gpx; sourceTree = "<group>"; };
		D3ADC5E31E4220BD0084B5B6 /* Wien.gpx */ = {isa = PBXFileReference; fileEncoding = 4; lastKnownFileType = text.xml; path = Wien.gpx; sourceTree = "<group>"; };
		D3C247601E0063CC0019AFA7 /* DriveNowAPI.swift */ = {isa = PBXFileReference; fileEncoding = 4; lastKnownFileType = sourcecode.swift; path = DriveNowAPI.swift; sourceTree = "<group>"; };
		D3C247621E0063D90019AFA7 /* Car2GoAPI.swift */ = {isa = PBXFileReference; fileEncoding = 4; lastKnownFileType = sourcecode.swift; path = Car2GoAPI.swift; sourceTree = "<group>"; };
		D3C247641E0064080019AFA7 /* API.swift */ = {isa = PBXFileReference; fileEncoding = 4; lastKnownFileType = sourcecode.swift; path = API.swift; sourceTree = "<group>"; };
/* End PBXFileReference section */

/* Begin PBXFrameworksBuildPhase section */
		034EC1641DD0B34D00E32EC6 /* Frameworks */ = {
			isa = PBXFrameworksBuildPhase;
			buildActionMask = 2147483647;
			files = (
				D384D4D01E3F98A700418581 /* SwiftSpinner.framework in Frameworks */,
				D39568681E300279003FC042 /* Presentr.framework in Frameworks */,
				D39568661E300269003FC042 /* SkyFloatingLabelTextField.framework in Frameworks */,
				D39568521E2E7176003FC042 /* AlamofireNetworkActivityIndicator.framework in Frameworks */,
				D39568501E2E536A003FC042 /* Locksmith.framework in Frameworks */,
				D39568481E2E5369003FC042 /* Alamofire.framework in Frameworks */,
				D39568491E2E5369003FC042 /* IQKeyboardManager.framework in Frameworks */,
				D395684A1E2E5369003FC042 /* IQKeyboardManagerSwift.framework in Frameworks */,
				D395684B1E2E5369003FC042 /* JASON.framework in Frameworks */,
				D395684C1E2E5369003FC042 /* OAuthSwift.framework in Frameworks */,
				D395684D1E2E5369003FC042 /* OAuthSwiftAlamofire.framework in Frameworks */,
				D395684E1E2E5369003FC042 /* SwifterSwift.framework in Frameworks */,
				D39160C11E0982B7000DBE17 /* MapKit.framework in Frameworks */,
			);
			runOnlyForDeploymentPostprocessing = 0;
		};
		034EC17B1DD0B34D00E32EC6 /* Frameworks */ = {
			isa = PBXFrameworksBuildPhase;
			buildActionMask = 2147483647;
			files = (
			);
			runOnlyForDeploymentPostprocessing = 0;
		};
		034EC1861DD0B34D00E32EC6 /* Frameworks */ = {
			isa = PBXFrameworksBuildPhase;
			buildActionMask = 2147483647;
			files = (
			);
			runOnlyForDeploymentPostprocessing = 0;
		};
/* End PBXFrameworksBuildPhase section */

/* Begin PBXGroup section */
		0338BF561DD9F5870061EC48 /* Frameworks */ = {
			isa = PBXGroup;
			children = (
				D39568671E300279003FC042 /* Presentr.framework */,
				D39568651E300269003FC042 /* SkyFloatingLabelTextField.framework */,
				D39568511E2E7176003FC042 /* AlamofireNetworkActivityIndicator.framework */,
				D395684F1E2E536A003FC042 /* Locksmith.framework */,
				D306D1B91E1694BE00D5CD64 /* SwifterSwift.framework */,
				D32089A41E0C353A00C17BD7 /* OAuthSwiftAlamofire.framework */,
				D39160C01E0982B7000DBE17 /* MapKit.framework */,
				D39160BE1E0969BA000DBE17 /* Alamofire.framework */,
				D39160BC1E0969AD000DBE17 /* JASON.framework */,
				D39160BA1E0969A2000DBE17 /* OAuthSwift.framework */,
				0338BF581DD9F5880061EC48 /* IQKeyboardManager.framework */,
				0338BF591DD9F5880061EC48 /* IQKeyboardManagerSwift.framework */,
				0338BF5B1DD9F5880061EC48 /* SwiftSpinner.framework */,
			);
			name = Frameworks;
			sourceTree = "<group>";
		};
		034EC15E1DD0B34D00E32EC6 = {
			isa = PBXGroup;
			children = (
				034EC1691DD0B34D00E32EC6 /* HerbieNow */,
				034EC1811DD0B34D00E32EC6 /* HerbieNowTests */,
				034EC18C1DD0B34D00E32EC6 /* HerbieNowUITests */,
				034EC1681DD0B34D00E32EC6 /* Products */,
				0338BF561DD9F5870061EC48 /* Frameworks */,
			);
			sourceTree = "<group>";
		};
		034EC1681DD0B34D00E32EC6 /* Products */ = {
			isa = PBXGroup;
			children = (
				034EC1671DD0B34D00E32EC6 /* HerbieNow.app */,
				034EC17E1DD0B34D00E32EC6 /* HerbieNowTests.xctest */,
				034EC1891DD0B34D00E32EC6 /* HerbieNowUITests.xctest */,
			);
			name = Products;
			sourceTree = "<group>";
		};
		034EC1691DD0B34D00E32EC6 /* HerbieNow */ = {
			isa = PBXGroup;
			children = (
				0375789F1DD0B47F00AA8FC0 /* Helper Files */,
				037578A61DD0B7B000AA8FC0 /* Services */,
				0375789C1DD0B43000AA8FC0 /* Model */,
				D384D4B31E3F835E00418581 /* Interpreter */,
				0375789D1DD0B43E00AA8FC0 /* Presenter */,
				0375789E1DD0B46400AA8FC0 /* View */,
			);
			path = HerbieNow;
			sourceTree = "<group>";
		};
		034EC1811DD0B34D00E32EC6 /* HerbieNowTests */ = {
			isa = PBXGroup;
			children = (
				034EC1821DD0B34D00E32EC6 /* HerbieNowTests.swift */,
				034EC1841DD0B34D00E32EC6 /* Info.plist */,
			);
			path = HerbieNowTests;
			sourceTree = "<group>";
		};
		034EC18C1DD0B34D00E32EC6 /* HerbieNowUITests */ = {
			isa = PBXGroup;
			children = (
				034EC18D1DD0B34D00E32EC6 /* HerbieNowUITests.swift */,
				034EC18F1DD0B34D00E32EC6 /* Info.plist */,
			);
			path = HerbieNowUITests;
			sourceTree = "<group>";
		};
		0375789C1DD0B43000AA8FC0 /* Model */ = {
			isa = PBXGroup;
			children = (
				039F0B751DD8DE6E00AB56C0 /* Logic.swift */,
				D33CB4DD1E1E69FE00AA16A1 /* Filterset.swift */,
				037578A41DD0B68200AA8FC0 /* Location.swift */,
				039F0B711DD8D6A000AB56C0 /* Enumerations.swift */,
				D3297A391E06B3D000831923 /* Reservation.swift */,
				037578A21DD0B53400AA8FC0 /* Vehicle.swift */,
			);
			name = Model;
			sourceTree = "<group>";
		};
		0375789D1DD0B43E00AA8FC0 /* Presenter */ = {
			isa = PBXGroup;
			children = (
				037578A71DD0B7D800AA8FC0 /* MainViewPresenter.swift */,
				D384D4B61E3F83A700418581 /* VehicleMapViewPresenter.swift */,
				D384D4B81E3F83D800418581 /* Popups */,
			);
			name = Presenter;
			sourceTree = "<group>";
		};
		0375789E1DD0B46400AA8FC0 /* View */ = {
			isa = PBXGroup;
			children = (
				034EC1761DD0B34D00E32EC6 /* LaunchScreen.storyboard */,
				034EC16E1DD0B34D00E32EC6 /* Main.storyboard */,
				034EC16C1DD0B34D00E32EC6 /* MainViewController.swift */,
				14FB0F141E3F7E9200BA763C /* VehicleMapViewController.swift */,
				D39568541E2F676D003FC042 /* Popups */,
				14FB0F161E3F7F4100BA763C /* UI Helpers */,
			);
			name = View;
			sourceTree = "<group>";
		};
		0375789F1DD0B47F00AA8FC0 /* Helper Files */ = {
			isa = PBXGroup;
			children = (
				9E6871481E16B7CA00994011 /* Assets.xcassets */,
				D3ADC5ED1E4220C30084B5B6 /* Location Files */,
				9E6969301E16B09900E70773 /* Fonts */,
				034EC1711DD0B34D00E32EC6 /* HerbieNow.xcdatamodeld */,
				D39160C21E0982F1000DBE17 /* HerbieNow.entitlements */,
				034EC1791DD0B34D00E32EC6 /* Info.plist */,
				034EC16A1DD0B34D00E32EC6 /* AppDelegate.swift */,
				D340A2DE1E01FD60001D5153 /* Extensions.swift */,
				D33132491E07D92100645858 /* VINExtensions.swift */,
				D306D1B71E1692E800D5CD64 /* Debug.swift */,
				D384D4B11E3F80E700418581 /* EmptyProtocols.swift */,
			);
			name = "Helper Files";
			sourceTree = "<group>";
		};
		037578A61DD0B7B000AA8FC0 /* Services */ = {
			isa = PBXGroup;
			children = (
				D3C247641E0064080019AFA7 /* API.swift */,
				D3C247601E0063CC0019AFA7 /* DriveNowAPI.swift */,
				D3C247621E0063D90019AFA7 /* Car2GoAPI.swift */,
				D39160B81E0954A1000DBE17 /* AppData.swift */,
			);
			name = Services;
			sourceTree = "<group>";
		};
		14FB0F161E3F7F4100BA763C /* UI Helpers */ = {
			isa = PBXGroup;
			children = (
				D39568631E2FCE98003FC042 /* AKPickerView.swift */,
				9E782D641E4099F90038349F /* HerbieBlurView.swift */,
				14F978E71E422DD700717C9E /* AnnotationView.swift */,
				14FB0F191E3F7FAA00BA763C /* PinAnnotation.swift */,
				9E782CD91E3A7EF50038349F /* HerbieTextField.swift */,
				D384D4CE1E3F8D4900418581 /* ViewEnumerations.swift */,
				D3ADC5D91E4134280084B5B6 /* RangeSlider.swift */,
			);
			name = "UI Helpers";
			sourceTree = "<group>";
		};
		9E6969301E16B09900E70773 /* Fonts */ = {
			isa = PBXGroup;
			children = (
				9E782CD41E3977A30038349F /* ADAM.CG PRO.otf */,
				9E782CD31E3977970038349F /* Ailerons-Typeface.otf */,
				9E6969331E16B22700E70773 /* CaviarDreams_Bold.ttf */,
				9E6969311E16B0D100E70773 /* CaviarDreams.ttf */,
			);
			name = Fonts;
			sourceTree = "<group>";
		};
		D384D4B31E3F835E00418581 /* Interpreter */ = {
			isa = PBXGroup;
			children = (
				D320899F1E0ACE5300C17BD7 /* LocationUpdateDelegate.swift */,
				037578A91DD0B7E200AA8FC0 /* MainViewInterpreter.swift */,
				D384D4B41E3F839B00418581 /* VehicleMapViewInterpreter.swift */,
				D384D4B91E3F83E300418581 /* Popups */,
			);
			name = Interpreter;
			sourceTree = "<group>";
		};
		D384D4B81E3F83D800418581 /* Popups */ = {
			isa = PBXGroup;
			children = (
				D384D4C41E3F89B400418581 /* LoginPopupPresenter.swift */,
				D384D4C61E3F89C200418581 /* SelectInternalModelOptionsPopupPresenter.swift */,
				D384D4C81E3F89D000418581 /* SelectExternalModelOptionsPopupPresenter.swift */,
				D384D4CA1E3F89E200418581 /* SelectModelsPopupPresenter.swift */,
				D384D4CC1E3F89FA00418581 /* SelectFiltersetIconAndNamePopupPresenter.swift */,
			);
			name = Popups;
			sourceTree = "<group>";
		};
		D384D4B91E3F83E300418581 /* Popups */ = {
			isa = PBXGroup;
			children = (
				D384D4BA1E3F882700418581 /* LoginPopupInterpreter.swift */,
				D384D4BC1E3F884000418581 /* SelectInternalModelOptionsPopupInterpreter.swift */,
				D384D4BE1E3F885700418581 /* SelectExternalModelOptionsPopupInterpreter.swift */,
				D384D4C01E3F887600418581 /* SelectModelsPopupInterpreter.swift */,
				D384D4C21E3F889800418581 /* SelectFiltersetIconAndNamePopupInterpreter.swift */,
			);
			name = Popups;
			sourceTree = "<group>";
		};
		D39568541E2F676D003FC042 /* Popups */ = {
			isa = PBXGroup;
			children = (
				D39568551E2F67A2003FC042 /* PopupViewController.swift */,
				D39568571E2F6E4E003FC042 /* PopupDelegate.swift */,
				D3ADC5D71E4117FD0084B5B6 /* MapViewDelegate.swift */,
				D39568591E2F6FE0003FC042 /* LoginPopupViewController.swift */,
				D395685B1E2FB1CB003FC042 /* SelectInternalModelOptionsPopupViewController.swift */,
				D395685D1E2FB93C003FC042 /* SelectExternalModelOptionsPopupViewController.swift */,
				D395685F1E2FBEA8003FC042 /* SelectModelsPopupViewController.swift */,
				D39568611E2FC18D003FC042 /* SelectFiltersetIconAndNamePopupViewController.swift */,
			);
			name = Popups;
			sourceTree = "<group>";
		};
		D3ADC5ED1E4220C30084B5B6 /* Location Files */ = {
			isa = PBXGroup;
			children = (
				D3ADC5DB1E4220BD0084B5B6 /* Augsburg.gpx */,
				D3ADC5DC1E4220BD0084B5B6 /* Berlin.gpx */,
				D3ADC5DD1E4220BD0084B5B6 /* Hamburg.gpx */,
				D3ADC5DE1E4220BD0084B5B6 /* Köln.gpx */,
				D3ADC5DF1E4220BD0084B5B6 /* Kopenhagen.gpx */,
				D3ADC5E01E4220BD0084B5B6 /* London.gpx */,
				D3ADC5E11E4220BD0084B5B6 /* München.gpx */,
				D3ADC5E21E4220BD0084B5B6 /* Stockholm.gpx */,
				D3ADC5E31E4220BD0084B5B6 /* Wien.gpx */,
			);
			name = "Location Files";
			sourceTree = "<group>";
		};
/* End PBXGroup section */

/* Begin PBXNativeTarget section */
		034EC1661DD0B34D00E32EC6 /* HerbieNow */ = {
			isa = PBXNativeTarget;
			buildConfigurationList = 034EC1921DD0B34D00E32EC6 /* Build configuration list for PBXNativeTarget "HerbieNow" */;
			buildPhases = (
				034EC1631DD0B34D00E32EC6 /* Sources */,
				034EC1641DD0B34D00E32EC6 /* Frameworks */,
				034EC1651DD0B34D00E32EC6 /* Resources */,
				0338BF551DD9F5490061EC48 /* Carthage */,
				D3AF436D1DEF5FC6004431EB /* Swiftlint */,
			);
			buildRules = (
			);
			dependencies = (
			);
			name = HerbieNow;
			productName = HerbieNow;
			productReference = 034EC1671DD0B34D00E32EC6 /* HerbieNow.app */;
			productType = "com.apple.product-type.application";
		};
		034EC17D1DD0B34D00E32EC6 /* HerbieNowTests */ = {
			isa = PBXNativeTarget;
			buildConfigurationList = 034EC1951DD0B34D00E32EC6 /* Build configuration list for PBXNativeTarget "HerbieNowTests" */;
			buildPhases = (
				034EC17A1DD0B34D00E32EC6 /* Sources */,
				034EC17B1DD0B34D00E32EC6 /* Frameworks */,
				034EC17C1DD0B34D00E32EC6 /* Resources */,
			);
			buildRules = (
			);
			dependencies = (
				034EC1801DD0B34D00E32EC6 /* PBXTargetDependency */,
			);
			name = HerbieNowTests;
			productName = HerbieNowTests;
			productReference = 034EC17E1DD0B34D00E32EC6 /* HerbieNowTests.xctest */;
			productType = "com.apple.product-type.bundle.unit-test";
		};
		034EC1881DD0B34D00E32EC6 /* HerbieNowUITests */ = {
			isa = PBXNativeTarget;
			buildConfigurationList = 034EC1981DD0B34D00E32EC6 /* Build configuration list for PBXNativeTarget "HerbieNowUITests" */;
			buildPhases = (
				034EC1851DD0B34D00E32EC6 /* Sources */,
				034EC1861DD0B34D00E32EC6 /* Frameworks */,
				034EC1871DD0B34D00E32EC6 /* Resources */,
			);
			buildRules = (
			);
			dependencies = (
				034EC18B1DD0B34D00E32EC6 /* PBXTargetDependency */,
			);
			name = HerbieNowUITests;
			productName = HerbieNowUITests;
			productReference = 034EC1891DD0B34D00E32EC6 /* HerbieNowUITests.xctest */;
			productType = "com.apple.product-type.bundle.ui-testing";
		};
/* End PBXNativeTarget section */

/* Begin PBXProject section */
		034EC15F1DD0B34D00E32EC6 /* Project object */ = {
			isa = PBXProject;
			attributes = {
				LastSwiftUpdateCheck = 0810;
				LastUpgradeCheck = 0820;
				ORGANIZATIONNAME = LMU;
				TargetAttributes = {
					034EC1661DD0B34D00E32EC6 = {
						CreatedOnToolsVersion = 8.1;
						DevelopmentTeam = EM47M4JQ9E;
						ProvisioningStyle = Automatic;
						SystemCapabilities = {
							com.apple.BackgroundModes = {
								enabled = 1;
							};
							com.apple.Maps.iOS = {
								enabled = 0;
							};
							com.apple.Push = {
								enabled = 0;
							};
						};
					};
					034EC17D1DD0B34D00E32EC6 = {
						CreatedOnToolsVersion = 8.1;
						DevelopmentTeam = EM47M4JQ9E;
						ProvisioningStyle = Automatic;
						TestTargetID = 034EC1661DD0B34D00E32EC6;
					};
					034EC1881DD0B34D00E32EC6 = {
						CreatedOnToolsVersion = 8.1;
						DevelopmentTeam = EM47M4JQ9E;
						ProvisioningStyle = Automatic;
						TestTargetID = 034EC1661DD0B34D00E32EC6;
					};
				};
			};
			buildConfigurationList = 034EC1621DD0B34D00E32EC6 /* Build configuration list for PBXProject "HerbieNow" */;
			compatibilityVersion = "Xcode 3.2";
			developmentRegion = English;
			hasScannedForEncodings = 0;
			knownRegions = (
				en,
				Base,
			);
			mainGroup = 034EC15E1DD0B34D00E32EC6;
			productRefGroup = 034EC1681DD0B34D00E32EC6 /* Products */;
			projectDirPath = "";
			projectRoot = "";
			targets = (
				034EC1661DD0B34D00E32EC6 /* HerbieNow */,
				034EC17D1DD0B34D00E32EC6 /* HerbieNowTests */,
				034EC1881DD0B34D00E32EC6 /* HerbieNowUITests */,
			);
		};
/* End PBXProject section */

/* Begin PBXResourcesBuildPhase section */
		034EC1651DD0B34D00E32EC6 /* Resources */ = {
			isa = PBXResourcesBuildPhase;
			buildActionMask = 2147483647;
			files = (
				D3ADC5EB1E4220BD0084B5B6 /* Stockholm.gpx in Resources */,
				D3ADC5E71E4220BD0084B5B6 /* Köln.gpx in Resources */,
				D3ADC5EA1E4220BD0084B5B6 /* München.gpx in Resources */,
				D3ADC5E91E4220BD0084B5B6 /* London.gpx in Resources */,
				9E782CD61E3979850038349F /* Ailerons-Typeface.otf in Resources */,
				D3ADC5E41E4220BD0084B5B6 /* Augsburg.gpx in Resources */,
				D3ADC5E61E4220BD0084B5B6 /* Hamburg.gpx in Resources */,
				9E782CD51E3979820038349F /* ADAM.CG PRO.otf in Resources */,
				D3ADC5EC1E4220BD0084B5B6 /* Wien.gpx in Resources */,
				9E6871471E16B2FD00994011 /* CaviarDreams_Bold.ttf in Resources */,
				9E6871461E16B2F100994011 /* CaviarDreams.ttf in Resources */,
				D3ADC5E81E4220BD0084B5B6 /* Kopenhagen.gpx in Resources */,
				034EC1781DD0B34D00E32EC6 /* LaunchScreen.storyboard in Resources */,
				D3ADC5E51E4220BD0084B5B6 /* Berlin.gpx in Resources */,
				034EC1701DD0B34D00E32EC6 /* Main.storyboard in Resources */,
				9E6871491E16B7CA00994011 /* Assets.xcassets in Resources */,
			);
			runOnlyForDeploymentPostprocessing = 0;
		};
		034EC17C1DD0B34D00E32EC6 /* Resources */ = {
			isa = PBXResourcesBuildPhase;
			buildActionMask = 2147483647;
			files = (
			);
			runOnlyForDeploymentPostprocessing = 0;
		};
		034EC1871DD0B34D00E32EC6 /* Resources */ = {
			isa = PBXResourcesBuildPhase;
			buildActionMask = 2147483647;
			files = (
			);
			runOnlyForDeploymentPostprocessing = 0;
		};
/* End PBXResourcesBuildPhase section */

/* Begin PBXShellScriptBuildPhase section */
		0338BF551DD9F5490061EC48 /* Carthage */ = {
			isa = PBXShellScriptBuildPhase;
			buildActionMask = 2147483647;
			files = (
			);
			inputPaths = (
				"$(SRCROOT)/Carthage/Build/iOS/Locksmith.framework",
				"$(SRCROOT)/Carthage/Build/iOS/Alamofire.framework",
				"$(SRCROOT)/Carthage/Build/iOS/IQKeyboardManager.framework",
				"$(SRCROOT)/Carthage/Build/iOS/IQKeyboardManagerSwift.framework",
				"$(SRCROOT)/Carthage/Build/iOS/JASON.framework",
				"$(SRCROOT)/Carthage/Build/iOS/OAuthSwift.framework",
				"$(SRCROOT)/Carthage/Build/iOS/OAuthSwiftAlamofire.framework",
				"$(SRCROOT)/Carthage/Build/iOS/SwifterSwift.framework",
				"$(SRCROOT)/Carthage/Build/iOS/AlamofireNetworkActivityIndicator.framework",
				"$(SRCROOT)/Carthage/Build/iOS/Presentr.framework",
				"$(SRCROOT)/Carthage/Build/iOS/SkyFloatingLabelTextField.framework",
				"$(SRCROOT)/Carthage/Build/iOS/SwiftSpinner.framework",
			);
			name = Carthage;
			outputPaths = (
			);
			runOnlyForDeploymentPostprocessing = 0;
			shellPath = /bin/sh;
			shellScript = "/usr/local/bin/carthage copy-frameworks";
		};
		D3AF436D1DEF5FC6004431EB /* Swiftlint */ = {
			isa = PBXShellScriptBuildPhase;
			buildActionMask = 8;
			files = (
			);
			inputPaths = (
			);
			name = Swiftlint;
			outputPaths = (
			);
			runOnlyForDeploymentPostprocessing = 1;
			shellPath = /bin/sh;
			shellScript = "if which swiftlint >/dev/null; then\n    swiftlint autocorrect --format\n    swiftlint\nelse\n    echo \"warning: SwiftLint not installed, download from https://github.com/realm/SwiftLint\"\nfi";
		};
/* End PBXShellScriptBuildPhase section */

/* Begin PBXSourcesBuildPhase section */
		034EC1631DD0B34D00E32EC6 /* Sources */ = {
			isa = PBXSourcesBuildPhase;
			buildActionMask = 2147483647;
			files = (
				D32089A01E0ACE5300C17BD7 /* LocationUpdateDelegate.swift in Sources */,
				037578AA1DD0B7E200AA8FC0 /* MainViewInterpreter.swift in Sources */,
				D384D4CF1E3F8D4900418581 /* ViewEnumerations.swift in Sources */,
				D384D4C31E3F889800418581 /* SelectFiltersetIconAndNamePopupInterpreter.swift in Sources */,
				D3297A3A1E06B3D000831923 /* Reservation.swift in Sources */,
				D306D1B81E1692E800D5CD64 /* Debug.swift in Sources */,
				9E782CDA1E3A7EF50038349F /* HerbieTextField.swift in Sources */,
				D3C247631E0063D90019AFA7 /* Car2GoAPI.swift in Sources */,
				037578A51DD0B68200AA8FC0 /* Location.swift in Sources */,
				D39568641E2FCE98003FC042 /* AKPickerView.swift in Sources */,
				D39568581E2F6E4E003FC042 /* PopupDelegate.swift in Sources */,
				D384D4CB1E3F89E200418581 /* SelectModelsPopupPresenter.swift in Sources */,
				037578A81DD0B7D800AA8FC0 /* MainViewPresenter.swift in Sources */,
				D331324A1E07D92100645858 /* VINExtensions.swift in Sources */,
				034EC16D1DD0B34D00E32EC6 /* MainViewController.swift in Sources */,
				D384D4C11E3F887600418581 /* SelectModelsPopupInterpreter.swift in Sources */,
				D384D4B21E3F80E700418581 /* EmptyProtocols.swift in Sources */,
				D384D4BD1E3F884000418581 /* SelectInternalModelOptionsPopupInterpreter.swift in Sources */,
				039F0B721DD8D6A000AB56C0 /* Enumerations.swift in Sources */,
				034EC1731DD0B34D00E32EC6 /* HerbieNow.xcdatamodeld in Sources */,
				D384D4B51E3F839B00418581 /* VehicleMapViewInterpreter.swift in Sources */,
				14FB0F151E3F7E9200BA763C /* VehicleMapViewController.swift in Sources */,
				D39568561E2F67A2003FC042 /* PopupViewController.swift in Sources */,
				14FB0F1A1E3F7FAA00BA763C /* PinAnnotation.swift in Sources */,
				D384D4C91E3F89D000418581 /* SelectExternalModelOptionsPopupPresenter.swift in Sources */,
				D3ADC5DA1E4134280084B5B6 /* RangeSlider.swift in Sources */,
				D384D4BB1E3F882700418581 /* LoginPopupInterpreter.swift in Sources */,
				D3C247651E0064080019AFA7 /* API.swift in Sources */,
				D384D4CD1E3F89FA00418581 /* SelectFiltersetIconAndNamePopupPresenter.swift in Sources */,
				D39568601E2FBEA8003FC042 /* SelectModelsPopupViewController.swift in Sources */,
				D395685E1E2FB93C003FC042 /* SelectExternalModelOptionsPopupViewController.swift in Sources */,
				039F0B761DD8DE6E00AB56C0 /* Logic.swift in Sources */,
				D384D4C51E3F89B400418581 /* LoginPopupPresenter.swift in Sources */,
				D3C247611E0063CC0019AFA7 /* DriveNowAPI.swift in Sources */,
				D39568621E2FC18D003FC042 /* SelectFiltersetIconAndNamePopupViewController.swift in Sources */,
				D384D4C71E3F89C200418581 /* SelectInternalModelOptionsPopupPresenter.swift in Sources */,
				037578A31DD0B53400AA8FC0 /* Vehicle.swift in Sources */,
				14F978E81E422DD700717C9E /* AnnotationView.swift in Sources */,
				034EC16B1DD0B34D00E32EC6 /* AppDelegate.swift in Sources */,
				D384D4B71E3F83A700418581 /* VehicleMapViewPresenter.swift in Sources */,
				D340A2DF1E01FD60001D5153 /* Extensions.swift in Sources */,
				D395685A1E2F6FE0003FC042 /* LoginPopupViewController.swift in Sources */,
				D33CB4DE1E1E69FE00AA16A1 /* Filterset.swift in Sources */,
				9E782D651E4099F90038349F /* HerbieBlurView.swift in Sources */,
				D3ADC5D81E4117FD0084B5B6 /* MapViewDelegate.swift in Sources */,
				D39160B91E0954A1000DBE17 /* AppData.swift in Sources */,
				D395685C1E2FB1CB003FC042 /* SelectInternalModelOptionsPopupViewController.swift in Sources */,
				D384D4BF1E3F885700418581 /* SelectExternalModelOptionsPopupInterpreter.swift in Sources */,
			);
			runOnlyForDeploymentPostprocessing = 0;
		};
		034EC17A1DD0B34D00E32EC6 /* Sources */ = {
			isa = PBXSourcesBuildPhase;
			buildActionMask = 2147483647;
			files = (
				034EC1831DD0B34D00E32EC6 /* HerbieNowTests.swift in Sources */,
			);
			runOnlyForDeploymentPostprocessing = 0;
		};
		034EC1851DD0B34D00E32EC6 /* Sources */ = {
			isa = PBXSourcesBuildPhase;
			buildActionMask = 2147483647;
			files = (
				034EC18E1DD0B34D00E32EC6 /* HerbieNowUITests.swift in Sources */,
			);
			runOnlyForDeploymentPostprocessing = 0;
		};
/* End PBXSourcesBuildPhase section */

/* Begin PBXTargetDependency section */
		034EC1801DD0B34D00E32EC6 /* PBXTargetDependency */ = {
			isa = PBXTargetDependency;
			target = 034EC1661DD0B34D00E32EC6 /* HerbieNow */;
			targetProxy = 034EC17F1DD0B34D00E32EC6 /* PBXContainerItemProxy */;
		};
		034EC18B1DD0B34D00E32EC6 /* PBXTargetDependency */ = {
			isa = PBXTargetDependency;
			target = 034EC1661DD0B34D00E32EC6 /* HerbieNow */;
			targetProxy = 034EC18A1DD0B34D00E32EC6 /* PBXContainerItemProxy */;
		};
/* End PBXTargetDependency section */

/* Begin PBXVariantGroup section */
		034EC16E1DD0B34D00E32EC6 /* Main.storyboard */ = {
			isa = PBXVariantGroup;
			children = (
				034EC16F1DD0B34D00E32EC6 /* Base */,
			);
			name = Main.storyboard;
			sourceTree = "<group>";
		};
		034EC1761DD0B34D00E32EC6 /* LaunchScreen.storyboard */ = {
			isa = PBXVariantGroup;
			children = (
				034EC1771DD0B34D00E32EC6 /* Base */,
			);
			name = LaunchScreen.storyboard;
			sourceTree = "<group>";
		};
/* End PBXVariantGroup section */

/* Begin XCBuildConfiguration section */
		034EC1901DD0B34D00E32EC6 /* Debug */ = {
			isa = XCBuildConfiguration;
			buildSettings = {
				ALWAYS_SEARCH_USER_PATHS = NO;
				CLANG_ANALYZER_NONNULL = YES;
				CLANG_CXX_LANGUAGE_STANDARD = "gnu++0x";
				CLANG_CXX_LIBRARY = "libc++";
				CLANG_ENABLE_MODULES = YES;
				CLANG_ENABLE_OBJC_ARC = YES;
				CLANG_WARN_BOOL_CONVERSION = YES;
				CLANG_WARN_CONSTANT_CONVERSION = YES;
				CLANG_WARN_DIRECT_OBJC_ISA_USAGE = YES_ERROR;
				CLANG_WARN_DOCUMENTATION_COMMENTS = YES;
				CLANG_WARN_EMPTY_BODY = YES;
				CLANG_WARN_ENUM_CONVERSION = YES;
				CLANG_WARN_INFINITE_RECURSION = YES;
				CLANG_WARN_INT_CONVERSION = YES;
				CLANG_WARN_OBJC_ROOT_CLASS = YES_ERROR;
				CLANG_WARN_SUSPICIOUS_MOVE = YES;
				CLANG_WARN_SUSPICIOUS_MOVES = YES;
				CLANG_WARN_UNREACHABLE_CODE = YES;
				CLANG_WARN__DUPLICATE_METHOD_MATCH = YES;
				"CODE_SIGN_IDENTITY[sdk=iphoneos*]" = "iPhone Developer";
				COPY_PHASE_STRIP = NO;
				DEBUG_INFORMATION_FORMAT = dwarf;
				ENABLE_STRICT_OBJC_MSGSEND = YES;
				ENABLE_TESTABILITY = YES;
				GCC_C_LANGUAGE_STANDARD = gnu99;
				GCC_DYNAMIC_NO_PIC = NO;
				GCC_NO_COMMON_BLOCKS = YES;
				GCC_OPTIMIZATION_LEVEL = 0;
				GCC_PREPROCESSOR_DEFINITIONS = (
					"DEBUG=1",
					"$(inherited)",
				);
				GCC_WARN_64_TO_32_BIT_CONVERSION = YES;
				GCC_WARN_ABOUT_RETURN_TYPE = YES_ERROR;
				GCC_WARN_UNDECLARED_SELECTOR = YES;
				GCC_WARN_UNINITIALIZED_AUTOS = YES_AGGRESSIVE;
				GCC_WARN_UNUSED_FUNCTION = YES;
				GCC_WARN_UNUSED_VARIABLE = YES;
				IPHONEOS_DEPLOYMENT_TARGET = 10.1;
				MTL_ENABLE_DEBUG_INFO = YES;
				ONLY_ACTIVE_ARCH = YES;
				SDKROOT = iphoneos;
				SWIFT_ACTIVE_COMPILATION_CONDITIONS = DEBUG;
				SWIFT_OPTIMIZATION_LEVEL = "-Onone";
				TARGETED_DEVICE_FAMILY = "1,2";
			};
			name = Debug;
		};
		034EC1911DD0B34D00E32EC6 /* Release */ = {
			isa = XCBuildConfiguration;
			buildSettings = {
				ALWAYS_SEARCH_USER_PATHS = NO;
				CLANG_ANALYZER_NONNULL = YES;
				CLANG_CXX_LANGUAGE_STANDARD = "gnu++0x";
				CLANG_CXX_LIBRARY = "libc++";
				CLANG_ENABLE_MODULES = YES;
				CLANG_ENABLE_OBJC_ARC = YES;
				CLANG_WARN_BOOL_CONVERSION = YES;
				CLANG_WARN_CONSTANT_CONVERSION = YES;
				CLANG_WARN_DIRECT_OBJC_ISA_USAGE = YES_ERROR;
				CLANG_WARN_DOCUMENTATION_COMMENTS = YES;
				CLANG_WARN_EMPTY_BODY = YES;
				CLANG_WARN_ENUM_CONVERSION = YES;
				CLANG_WARN_INFINITE_RECURSION = YES;
				CLANG_WARN_INT_CONVERSION = YES;
				CLANG_WARN_OBJC_ROOT_CLASS = YES_ERROR;
				CLANG_WARN_SUSPICIOUS_MOVE = YES;
				CLANG_WARN_SUSPICIOUS_MOVES = YES;
				CLANG_WARN_UNREACHABLE_CODE = YES;
				CLANG_WARN__DUPLICATE_METHOD_MATCH = YES;
				"CODE_SIGN_IDENTITY[sdk=iphoneos*]" = "iPhone Developer";
				COPY_PHASE_STRIP = NO;
				DEBUG_INFORMATION_FORMAT = "dwarf-with-dsym";
				ENABLE_NS_ASSERTIONS = NO;
				ENABLE_STRICT_OBJC_MSGSEND = YES;
				GCC_C_LANGUAGE_STANDARD = gnu99;
				GCC_NO_COMMON_BLOCKS = YES;
				GCC_WARN_64_TO_32_BIT_CONVERSION = YES;
				GCC_WARN_ABOUT_RETURN_TYPE = YES_ERROR;
				GCC_WARN_UNDECLARED_SELECTOR = YES;
				GCC_WARN_UNINITIALIZED_AUTOS = YES_AGGRESSIVE;
				GCC_WARN_UNUSED_FUNCTION = YES;
				GCC_WARN_UNUSED_VARIABLE = YES;
				IPHONEOS_DEPLOYMENT_TARGET = 10.1;
				MTL_ENABLE_DEBUG_INFO = NO;
				SDKROOT = iphoneos;
				SWIFT_OPTIMIZATION_LEVEL = "-Owholemodule";
				TARGETED_DEVICE_FAMILY = "1,2";
				VALIDATE_PRODUCT = YES;
			};
			name = Release;
		};
		034EC1931DD0B34D00E32EC6 /* Debug */ = {
			isa = XCBuildConfiguration;
			buildSettings = {
				ASSETCATALOG_COMPILER_APPICON_NAME = AppIcon;
				DEVELOPMENT_TEAM = EM47M4JQ9E;
				FRAMEWORK_SEARCH_PATHS = (
					"$(inherited)",
					"$(PROJECT_DIR)/Carthage/Build/iOS",
				);
				INFOPLIST_FILE = HerbieNow/Info.plist;
				LD_RUNPATH_SEARCH_PATHS = "$(inherited) @executable_path/Frameworks";
				PRODUCT_BUNDLE_IDENTIFIER = de.lmu.HerbieNow;
				PRODUCT_NAME = "$(TARGET_NAME)";
				SWIFT_VERSION = 3.0;
			};
			name = Debug;
		};
		034EC1941DD0B34D00E32EC6 /* Release */ = {
			isa = XCBuildConfiguration;
			buildSettings = {
				ASSETCATALOG_COMPILER_APPICON_NAME = AppIcon;
				DEVELOPMENT_TEAM = EM47M4JQ9E;
				FRAMEWORK_SEARCH_PATHS = (
					"$(inherited)",
					"$(PROJECT_DIR)/Carthage/Build/iOS",
				);
				INFOPLIST_FILE = HerbieNow/Info.plist;
				LD_RUNPATH_SEARCH_PATHS = "$(inherited) @executable_path/Frameworks";
				PRODUCT_BUNDLE_IDENTIFIER = de.lmu.HerbieNow;
				PRODUCT_NAME = "$(TARGET_NAME)";
				SWIFT_VERSION = 3.0;
			};
			name = Release;
		};
		034EC1961DD0B34D00E32EC6 /* Debug */ = {
			isa = XCBuildConfiguration;
			buildSettings = {
				ALWAYS_EMBED_SWIFT_STANDARD_LIBRARIES = YES;
				BUNDLE_LOADER = "$(TEST_HOST)";
				DEVELOPMENT_TEAM = EM47M4JQ9E;
				INFOPLIST_FILE = HerbieNowTests/Info.plist;
				LD_RUNPATH_SEARCH_PATHS = "$(inherited) @executable_path/Frameworks @loader_path/Frameworks";
				PRODUCT_BUNDLE_IDENTIFIER = de.lmu.HerbieNowTests;
				PRODUCT_NAME = "$(TARGET_NAME)";
				SWIFT_VERSION = 3.0;
				TEST_HOST = "$(BUILT_PRODUCTS_DIR)/HerbieNow.app/HerbieNow";
			};
			name = Debug;
		};
		034EC1971DD0B34D00E32EC6 /* Release */ = {
			isa = XCBuildConfiguration;
			buildSettings = {
				ALWAYS_EMBED_SWIFT_STANDARD_LIBRARIES = YES;
				BUNDLE_LOADER = "$(TEST_HOST)";
				DEVELOPMENT_TEAM = EM47M4JQ9E;
				INFOPLIST_FILE = HerbieNowTests/Info.plist;
				LD_RUNPATH_SEARCH_PATHS = "$(inherited) @executable_path/Frameworks @loader_path/Frameworks";
				PRODUCT_BUNDLE_IDENTIFIER = de.lmu.HerbieNowTests;
				PRODUCT_NAME = "$(TARGET_NAME)";
				SWIFT_VERSION = 3.0;
				TEST_HOST = "$(BUILT_PRODUCTS_DIR)/HerbieNow.app/HerbieNow";
			};
			name = Release;
		};
		034EC1991DD0B34D00E32EC6 /* Debug */ = {
			isa = XCBuildConfiguration;
			buildSettings = {
				ALWAYS_EMBED_SWIFT_STANDARD_LIBRARIES = YES;
				DEVELOPMENT_TEAM = EM47M4JQ9E;
				INFOPLIST_FILE = HerbieNowUITests/Info.plist;
				LD_RUNPATH_SEARCH_PATHS = "$(inherited) @executable_path/Frameworks @loader_path/Frameworks";
				PRODUCT_BUNDLE_IDENTIFIER = de.lmu.HerbieNowUITests;
				PRODUCT_NAME = "$(TARGET_NAME)";
				SWIFT_VERSION = 3.0;
				TEST_TARGET_NAME = HerbieNow;
			};
			name = Debug;
		};
		034EC19A1DD0B34D00E32EC6 /* Release */ = {
			isa = XCBuildConfiguration;
			buildSettings = {
				ALWAYS_EMBED_SWIFT_STANDARD_LIBRARIES = YES;
				DEVELOPMENT_TEAM = EM47M4JQ9E;
				INFOPLIST_FILE = HerbieNowUITests/Info.plist;
				LD_RUNPATH_SEARCH_PATHS = "$(inherited) @executable_path/Frameworks @loader_path/Frameworks";
				PRODUCT_BUNDLE_IDENTIFIER = de.lmu.HerbieNowUITests;
				PRODUCT_NAME = "$(TARGET_NAME)";
				SWIFT_VERSION = 3.0;
				TEST_TARGET_NAME = HerbieNow;
			};
			name = Release;
		};
/* End XCBuildConfiguration section */

/* Begin XCConfigurationList section */
		034EC1621DD0B34D00E32EC6 /* Build configuration list for PBXProject "HerbieNow" */ = {
			isa = XCConfigurationList;
			buildConfigurations = (
				034EC1901DD0B34D00E32EC6 /* Debug */,
				034EC1911DD0B34D00E32EC6 /* Release */,
			);
			defaultConfigurationIsVisible = 0;
			defaultConfigurationName = Release;
		};
		034EC1921DD0B34D00E32EC6 /* Build configuration list for PBXNativeTarget "HerbieNow" */ = {
			isa = XCConfigurationList;
			buildConfigurations = (
				034EC1931DD0B34D00E32EC6 /* Debug */,
				034EC1941DD0B34D00E32EC6 /* Release */,
			);
			defaultConfigurationIsVisible = 0;
			defaultConfigurationName = Release;
		};
		034EC1951DD0B34D00E32EC6 /* Build configuration list for PBXNativeTarget "HerbieNowTests" */ = {
			isa = XCConfigurationList;
			buildConfigurations = (
				034EC1961DD0B34D00E32EC6 /* Debug */,
				034EC1971DD0B34D00E32EC6 /* Release */,
			);
			defaultConfigurationIsVisible = 0;
			defaultConfigurationName = Release;
		};
		034EC1981DD0B34D00E32EC6 /* Build configuration list for PBXNativeTarget "HerbieNowUITests" */ = {
			isa = XCConfigurationList;
			buildConfigurations = (
				034EC1991DD0B34D00E32EC6 /* Debug */,
				034EC19A1DD0B34D00E32EC6 /* Release */,
			);
			defaultConfigurationIsVisible = 0;
			defaultConfigurationName = Release;
		};
/* End XCConfigurationList section */

/* Begin XCVersionGroup section */
		034EC1711DD0B34D00E32EC6 /* HerbieNow.xcdatamodeld */ = {
			isa = XCVersionGroup;
			children = (
				034EC1721DD0B34D00E32EC6 /* HerbieNow.xcdatamodel */,
			);
			currentVersion = 034EC1721DD0B34D00E32EC6 /* HerbieNow.xcdatamodel */;
			path = HerbieNow.xcdatamodeld;
			sourceTree = "<group>";
			versionGroupType = wrapper.xcdatamodel;
		};
/* End XCVersionGroup section */
	};
	rootObject = 034EC15F1DD0B34D00E32EC6 /* Project object */;
}
